
Microsoft Visual Studio Solution File, Format Version 12.00
# Visual Studio Version 17
VisualStudioVersion = 17.5.33502.453
MinimumVisualStudioVersion = 10.0.40219.1
Project("{FAE04EC0-301F-11D3-BF4B-00C04F79EFBC}") = "TICTACTOE", "TICTACTOE\TICTACTOE.csproj", "{7A05A2ED-CA29-473D-B0F3-54E9CECB28EE}"
EndProject
Global
	GlobalSection(SolutionConfigurationPlatforms) = preSolution
		Debug|Any CPU = Debug|Any CPU
		Release|Any CPU = Release|Any CPU
	EndGlobalSection
	GlobalSection(ProjectConfigurationPlatforms) = postSolution
		{7A05A2ED-CA29-473D-B0F3-54E9CECB28EE}.Debug|Any CPU.ActiveCfg = Debug|Any CPU
		{7A05A2ED-CA29-473D-B0F3-54E9CECB28EE}.Debug|Any CPU.Build.0 = Debug|Any CPU
		{7A05A2ED-CA29-473D-B0F3-54E9CECB28EE}.Release|Any CPU.ActiveCfg = Release|Any CPU
		{7A05A2ED-CA29-473D-B0F3-54E9CECB28EE}.Release|Any CPU.Build.0 = Release|Any CPU
	EndGlobalSection
	GlobalSection(SolutionProperties) = preSolution
		HideSolutionNode = FALSE
	EndGlobalSection
	GlobalSection(ExtensibilityGlobals) = postSolution
		SolutionGuid = {0FC7EBF9-9951-48CD-8109-9938F571E35B}
	EndGlobalSection
EndGlobal
